
Microsoft Visual Studio Solution File, Format Version 12.00
# Visual Studio 15
VisualStudioVersion = 15.0.27428.2037
MinimumVisualStudioVersion = 10.0.40219.1
Project("{FAE04EC0-301F-11D3-BF4B-00C04F79EFBC}") = "Task_OOP", "Task_OOP\Task_OOP.csproj", "{5DA6E241-28C8-492F-B654-F8CB3DBE4759}"
EndProject
Project("{FAE04EC0-301F-11D3-BF4B-00C04F79EFBC}") = "Library_OOP", "Library_OOP\Library_OOP.csproj", "{92DB59E2-65A6-4E63-A39C-351B2DB1E662}"
EndProject
Global
	GlobalSection(SolutionConfigurationPlatforms) = preSolution
		Debug|Any CPU = Debug|Any CPU
		Release|Any CPU = Release|Any CPU
	EndGlobalSection
	GlobalSection(ProjectConfigurationPlatforms) = postSolution
		{5DA6E241-28C8-492F-B654-F8CB3DBE4759}.Debug|Any CPU.ActiveCfg = Debug|Any CPU
		{5DA6E241-28C8-492F-B654-F8CB3DBE4759}.Debug|Any CPU.Build.0 = Debug|Any CPU
		{5DA6E241-28C8-492F-B654-F8CB3DBE4759}.Release|Any CPU.ActiveCfg = Release|Any CPU
		{5DA6E241-28C8-492F-B654-F8CB3DBE4759}.Release|Any CPU.Build.0 = Release|Any CPU
		{92DB59E2-65A6-4E63-A39C-351B2DB1E662}.Debug|Any CPU.ActiveCfg = Debug|Any CPU
		{92DB59E2-65A6-4E63-A39C-351B2DB1E662}.Debug|Any CPU.Build.0 = Debug|Any CPU
		{92DB59E2-65A6-4E63-A39C-351B2DB1E662}.Release|Any CPU.ActiveCfg = Release|Any CPU
		{92DB59E2-65A6-4E63-A39C-351B2DB1E662}.Release|Any CPU.Build.0 = Release|Any CPU
	EndGlobalSection
	GlobalSection(SolutionProperties) = preSolution
		HideSolutionNode = FALSE
	EndGlobalSection
	GlobalSection(ExtensibilityGlobals) = postSolution
		SolutionGuid = {43294BF1-AA29-4250-8713-72EA3533FBE3}
	EndGlobalSection
EndGlobal
